
Microsoft Visual Studio Solution File, Format Version 12.00
# Visual Studio Version 16
VisualStudioVersion = 25.0.1706.12
MinimumVisualStudioVersion = 10.0.40219.1
Project("{FAE04EC0-301F-11D3-BF4B-00C04F79EFBC}") = "Project", "Project\Project.csproj", "{EB795EAD-33CE-420A-8678-7EE73E3BAE94}"
EndProject
Global
	GlobalSection(SolutionConfigurationPlatforms) = preSolution
		Debug|Any CPU = Debug|Any CPU
		Release|Any CPU = Release|Any CPU
	EndGlobalSection
	GlobalSection(ProjectConfigurationPlatforms) = postSolution
		{EB795EAD-33CE-420A-8678-7EE73E3BAE94}.Debug|Any CPU.ActiveCfg = Debug|Any CPU
		{EB795EAD-33CE-420A-8678-7EE73E3BAE94}.Debug|Any CPU.Build.0 = Debug|Any CPU
		{EB795EAD-33CE-420A-8678-7EE73E3BAE94}.Release|Any CPU.ActiveCfg = Release|Any CPU
		{EB795EAD-33CE-420A-8678-7EE73E3BAE94}.Release|Any CPU.Build.0 = Release|Any CPU
	EndGlobalSection
	GlobalSection(SolutionProperties) = preSolution
		HideSolutionNode = FALSE
	EndGlobalSection
	GlobalSection(ExtensibilityGlobals) = postSolution
		SolutionGuid = {533882FA-BBF7-4340-92D0-20684E4EC316}
	EndGlobalSection
EndGlobal
